{
  "name": "threejs_fundamentals",
  "version": "1.0.0",
  "lockfileVersion": 2,
  "requires": true,
  "packages": {
    "": {
      "name": "threejs_fundamentals",
      "version": "1.0.0",
      "license": "ISC",
      "dependencies": {
        "split.js": "^1.6.5",
        "three": "^0.146.0"
      }
    },
    "node_modules/split.js": {
      "version": "1.6.5",
      "resolved": "https://registry.npmjs.org/split.js/-/split.js-1.6.5.tgz",
      "integrity": "sha512-mPTnGCiS/RiuTNsVhCm9De9cCAUsrNFFviRbADdKiiV+Kk8HKp/0fWu7Kr8pi3/yBmsqLFHuXGT9UUZ+CNLwFw=="
    },
    "node_modules/three": {
      "version": "0.146.0",
      "resolved": "https://registry.npmjs.org/three/-/three-0.146.0.tgz",
      "integrity": "sha512-1lvNfLezN6OJ9NaFAhfX4sm5e9YCzHtaRgZ1+B4C+Hv6TibRMsuBAM5/wVKzxjpYIlMymvgsHEFrrigEfXnb2A=="
    }
  },
  "dependencies": {
    "split.js": {
      "version": "1.6.5",
      "resolved": "https://registry.npmjs.org/split.js/-/split.js-1.6.5.tgz",
      "integrity": "sha512-mPTnGCiS/RiuTNsVhCm9De9cCAUsrNFFviRbADdKiiV+Kk8HKp/0fWu7Kr8pi3/yBmsqLFHuXGT9UUZ+CNLwFw=="
    },
    "three": {
      "version": "0.146.0",
      "resolved": "https://registry.npmjs.org/three/-/three-0.146.0.tgz",
      "integrity": "sha512-1lvNfLezN6OJ9NaFAhfX4sm5e9YCzHtaRgZ1+B4C+Hv6TibRMsuBAM5/wVKzxjpYIlMymvgsHEFrrigEfXnb2A=="
    }
  }
}
